// !$*UTF8*$!
{
	archiveVersion = 1;
	classes = {
	};
	objectVersion = 56;
	objects = {

/* Begin PBXBuildFile section */
		1E2C8D886C684D150C63F24C /* Pods_shubh_lp_objC_2.framework in Frameworks */ = {isa = PBXBuildFile; fileRef = D4482B6E698B299F75BC07CD /* Pods_shubh_lp_objC_2.framework */; };
		86E2A92E2A94D88F0063DE35 /* NotificationService.m in Sources */ = {isa = PBXBuildFile; fileRef = 86E2A92D2A94D88F0063DE35 /* NotificationService.m */; };
		86E2A9322A94D88F0063DE35 /* LP_NSE.appex in Embed Foundation Extensions */ = {isa = PBXBuildFile; fileRef = 86E2A92A2A94D88F0063DE35 /* LP_NSE.appex */; settings = {ATTRIBUTES = (RemoveHeadersOnCopy, ); }; };
		86FE4FAE2A89864B00578F96 /* AppDelegate.m in Sources */ = {isa = PBXBuildFile; fileRef = 86FE4FAD2A89864B00578F96 /* AppDelegate.m */; };
		86FE4FB12A89864B00578F96 /* SceneDelegate.m in Sources */ = {isa = PBXBuildFile; fileRef = 86FE4FB02A89864B00578F96 /* SceneDelegate.m */; };
		86FE4FB42A89864B00578F96 /* ViewController.m in Sources */ = {isa = PBXBuildFile; fileRef = 86FE4FB32A89864B00578F96 /* ViewController.m */; };
		86FE4FB72A89864B00578F96 /* Main.storyboard in Resources */ = {isa = PBXBuildFile; fileRef = 86FE4FB52A89864B00578F96 /* Main.storyboard */; };
		86FE4FB92A89864C00578F96 /* Assets.xcassets in Resources */ = {isa = PBXBuildFile; fileRef = 86FE4FB82A89864C00578F96 /* Assets.xcassets */; };
		86FE4FBC2A89864C00578F96 /* LaunchScreen.storyboard in Resources */ = {isa = PBXBuildFile; fileRef = 86FE4FBA2A89864C00578F96 /* LaunchScreen.storyboard */; };
		86FE4FBF2A89864C00578F96 /* main.m in Sources */ = {isa = PBXBuildFile; fileRef = 86FE4FBE2A89864C00578F96 /* main.m */; };
		86FE4FC92A89864C00578F96 /* shubh_lp_objC_2Tests.m in Sources */ = {isa = PBXBuildFile; fileRef = 86FE4FC82A89864C00578F96 /* shubh_lp_objC_2Tests.m */; };
		86FE4FD32A89864C00578F96 /* shubh_lp_objC_2UITests.m in Sources */ = {isa = PBXBuildFile; fileRef = 86FE4FD22A89864C00578F96 /* shubh_lp_objC_2UITests.m */; };
		86FE4FD52A89864C00578F96 /* shubh_lp_objC_2UITestsLaunchTests.m in Sources */ = {isa = PBXBuildFile; fileRef = 86FE4FD42A89864C00578F96 /* shubh_lp_objC_2UITestsLaunchTests.m */; };
		CA570DEC38DD6688DB1622ED /* Pods_shubh_lp_objC_2_shubh_lp_objC_2UITests.framework in Frameworks */ = {isa = PBXBuildFile; fileRef = F6BF25D76B40AC65E9E3C74F /* Pods_shubh_lp_objC_2_shubh_lp_objC_2UITests.framework */; };
		E5CBF5056766342A557E4B96 /* Pods_shubh_lp_objC_2Tests.framework in Frameworks */ = {isa = PBXBuildFile; fileRef = 2B1AE0A11BA06664E72045CD /* Pods_shubh_lp_objC_2Tests.framework */; };
/* End PBXBuildFile section */

/* Begin PBXContainerItemProxy section */
		86E2A9302A94D88F0063DE35 /* PBXContainerItemProxy */ = {
			isa = PBXContainerItemProxy;
			containerPortal = 86FE4FA12A89864B00578F96 /* Project object */;
			proxyType = 1;
			remoteGlobalIDString = 86E2A9292A94D88F0063DE35;
			remoteInfo = LP_NSE;
		};
		86FE4FC52A89864C00578F96 /* PBXContainerItemProxy */ = {
			isa = PBXContainerItemProxy;
			containerPortal = 86FE4FA12A89864B00578F96 /* Project object */;
			proxyType = 1;
			remoteGlobalIDString = 86FE4FA82A89864B00578F96;
			remoteInfo = shubh_lp_objC_2;
		};
		86FE4FCF2A89864C00578F96 /* PBXContainerItemProxy */ = {
			isa = PBXContainerItemProxy;
			containerPortal = 86FE4FA12A89864B00578F96 /* Project object */;
			proxyType = 1;
			remoteGlobalIDString = 86FE4FA82A89864B00578F96;
			remoteInfo = shubh_lp_objC_2;
		};
/* End PBXContainerItemProxy section */

/* Begin PBXCopyFilesBuildPhase section */
		86E2A9362A94D88F0063DE35 /* Embed Foundation Extensions */ = {
			isa = PBXCopyFilesBuildPhase;
			buildActionMask = 2147483647;
			dstPath = "";
			dstSubfolderSpec = 13;
			files = (
				86E2A9322A94D88F0063DE35 /* LP_NSE.appex in Embed Foundation Extensions */,
			);
			name = "Embed Foundation Extensions";
			runOnlyForDeploymentPostprocessing = 0;
		};
/* End PBXCopyFilesBuildPhase section */

/* Begin PBXFileReference section */
		1AC8815FA47F5D7E59D2707A /* Pods-shubh_lp_objC_2-shubh_lp_objC_2UITests.release.xcconfig */ = {isa = PBXFileReference; includeInIndex = 1; lastKnownFileType = text.xcconfig; name = "Pods-shubh_lp_objC_2-shubh_lp_objC_2UITests.release.xcconfig"; path = "Target Support Files/Pods-shubh_lp_objC_2-shubh_lp_objC_2UITests/Pods-shubh_lp_objC_2-shubh_lp_objC_2UITests.release.xcconfig"; sourceTree = "<group>"; };
		2B1AE0A11BA06664E72045CD /* Pods_shubh_lp_objC_2Tests.framework */ = {isa = PBXFileReference; explicitFileType = wrapper.framework; includeInIndex = 0; path = Pods_shubh_lp_objC_2Tests.framework; sourceTree = BUILT_PRODUCTS_DIR; };
		4B5A9781415EDD48BEDD9A08 /* Pods-shubh_lp_objC_2-shubh_lp_objC_2UITests.debug.xcconfig */ = {isa = PBXFileReference; includeInIndex = 1; lastKnownFileType = text.xcconfig; name = "Pods-shubh_lp_objC_2-shubh_lp_objC_2UITests.debug.xcconfig"; path = "Target Support Files/Pods-shubh_lp_objC_2-shubh_lp_objC_2UITests/Pods-shubh_lp_objC_2-shubh_lp_objC_2UITests.debug.xcconfig"; sourceTree = "<group>"; };
		4D48436F4430830C8AC93C7F /* Pods-shubh_lp_objC_2.debug.xcconfig */ = {isa = PBXFileReference; includeInIndex = 1; lastKnownFileType = text.xcconfig; name = "Pods-shubh_lp_objC_2.debug.xcconfig"; path = "Target Support Files/Pods-shubh_lp_objC_2/Pods-shubh_lp_objC_2.debug.xcconfig"; sourceTree = "<group>"; };
		86E2A92A2A94D88F0063DE35 /* LP_NSE.appex */ = {isa = PBXFileReference; explicitFileType = "wrapper.app-extension"; includeInIndex = 0; path = LP_NSE.appex; sourceTree = BUILT_PRODUCTS_DIR; };
		86E2A92C2A94D88F0063DE35 /* NotificationService.h */ = {isa = PBXFileReference; lastKnownFileType = sourcecode.c.h; path = NotificationService.h; sourceTree = "<group>"; };
		86E2A92D2A94D88F0063DE35 /* NotificationService.m */ = {isa = PBXFileReference; lastKnownFileType = sourcecode.c.objc; path = NotificationService.m; sourceTree = "<group>"; };
		86E2A92F2A94D88F0063DE35 /* Info.plist */ = {isa = PBXFileReference; lastKnownFileType = text.plist.xml; path = Info.plist; sourceTree = "<group>"; };
		86FE4FA92A89864B00578F96 /* shubh_lp_objC_2.app */ = {isa = PBXFileReference; explicitFileType = wrapper.application; includeInIndex = 0; path = shubh_lp_objC_2.app; sourceTree = BUILT_PRODUCTS_DIR; };
		86FE4FAC2A89864B00578F96 /* AppDelegate.h */ = {isa = PBXFileReference; lastKnownFileType = sourcecode.c.h; path = AppDelegate.h; sourceTree = "<group>"; };
		86FE4FAD2A89864B00578F96 /* AppDelegate.m */ = {isa = PBXFileReference; lastKnownFileType = sourcecode.c.objc; path = AppDelegate.m; sourceTree = "<group>"; };
		86FE4FAF2A89864B00578F96 /* SceneDelegate.h */ = {isa = PBXFileReference; lastKnownFileType = sourcecode.c.h; path = SceneDelegate.h; sourceTree = "<group>"; };
		86FE4FB02A89864B00578F96 /* SceneDelegate.m */ = {isa = PBXFileReference; lastKnownFileType = sourcecode.c.objc; path = SceneDelegate.m; sourceTree = "<group>"; };
		86FE4FB22A89864B00578F96 /* ViewController.h */ = {isa = PBXFileReference; lastKnownFileType = sourcecode.c.h; path = ViewController.h; sourceTree = "<group>"; };
		86FE4FB32A89864B00578F96 /* ViewController.m */ = {isa = PBXFileReference; lastKnownFileType = sourcecode.c.objc; path = ViewController.m; sourceTree = "<group>"; };
		86FE4FB62A89864B00578F96 /* Base */ = {isa = PBXFileReference; lastKnownFileType = file.storyboard; name = Base; path = Base.lproj/Main.storyboard; sourceTree = "<group>"; };
		86FE4FB82A89864C00578F96 /* Assets.xcassets */ = {isa = PBXFileReference; lastKnownFileType = folder.assetcatalog; path = Assets.xcassets; sourceTree = "<group>"; };
		86FE4FBB2A89864C00578F96 /* Base */ = {isa = PBXFileReference; lastKnownFileType = file.storyboard; name = Base; path = Base.lproj/LaunchScreen.storyboard; sourceTree = "<group>"; };
		86FE4FBD2A89864C00578F96 /* Info.plist */ = {isa = PBXFileReference; lastKnownFileType = text.plist.xml; path = Info.plist; sourceTree = "<group>"; };
		86FE4FBE2A89864C00578F96 /* main.m */ = {isa = PBXFileReference; lastKnownFileType = sourcecode.c.objc; path = main.m; sourceTree = "<group>"; };
		86FE4FC42A89864C00578F96 /* shubh_lp_objC_2Tests.xctest */ = {isa = PBXFileReference; explicitFileType = wrapper.cfbundle; includeInIndex = 0; path = shubh_lp_objC_2Tests.xctest; sourceTree = BUILT_PRODUCTS_DIR; };
		86FE4FC82A89864C00578F96 /* shubh_lp_objC_2Tests.m */ = {isa = PBXFileReference; lastKnownFileType = sourcecode.c.objc; path = shubh_lp_objC_2Tests.m; sourceTree = "<group>"; };
		86FE4FCE2A89864C00578F96 /* shubh_lp_objC_2UITests.xctest */ = {isa = PBXFileReference; explicitFileType = wrapper.cfbundle; includeInIndex = 0; path = shubh_lp_objC_2UITests.xctest; sourceTree = BUILT_PRODUCTS_DIR; };
		86FE4FD22A89864C00578F96 /* shubh_lp_objC_2UITests.m */ = {isa = PBXFileReference; lastKnownFileType = sourcecode.c.objc; path = shubh_lp_objC_2UITests.m; sourceTree = "<group>"; };
		86FE4FD42A89864C00578F96 /* shubh_lp_objC_2UITestsLaunchTests.m */ = {isa = PBXFileReference; lastKnownFileType = sourcecode.c.objc; path = shubh_lp_objC_2UITestsLaunchTests.m; sourceTree = "<group>"; };
		8A88C00903548E67A2A6CC06 /* Pods-shubh_lp_objC_2Tests.release.xcconfig */ = {isa = PBXFileReference; includeInIndex = 1; lastKnownFileType = text.xcconfig; name = "Pods-shubh_lp_objC_2Tests.release.xcconfig"; path = "Target Support Files/Pods-shubh_lp_objC_2Tests/Pods-shubh_lp_objC_2Tests.release.xcconfig"; sourceTree = "<group>"; };
		AEBD5DEECD95BFF90A4C1A81 /* Pods-shubh_lp_objC_2Tests.debug.xcconfig */ = {isa = PBXFileReference; includeInIndex = 1; lastKnownFileType = text.xcconfig; name = "Pods-shubh_lp_objC_2Tests.debug.xcconfig"; path = "Target Support Files/Pods-shubh_lp_objC_2Tests/Pods-shubh_lp_objC_2Tests.debug.xcconfig"; sourceTree = "<group>"; };
		D4482B6E698B299F75BC07CD /* Pods_shubh_lp_objC_2.framework */ = {isa = PBXFileReference; explicitFileType = wrapper.framework; includeInIndex = 0; path = Pods_shubh_lp_objC_2.framework; sourceTree = BUILT_PRODUCTS_DIR; };
		F6BF25D76B40AC65E9E3C74F /* Pods_shubh_lp_objC_2_shubh_lp_objC_2UITests.framework */ = {isa = PBXFileReference; explicitFileType = wrapper.framework; includeInIndex = 0; path = Pods_shubh_lp_objC_2_shubh_lp_objC_2UITests.framework; sourceTree = BUILT_PRODUCTS_DIR; };
		FB96C1AF6A02F98BB67A5454 /* Pods-shubh_lp_objC_2.release.xcconfig */ = {isa = PBXFileReference; includeInIndex = 1; lastKnownFileType = text.xcconfig; name = "Pods-shubh_lp_objC_2.release.xcconfig"; path = "Target Support Files/Pods-shubh_lp_objC_2/Pods-shubh_lp_objC_2.release.xcconfig"; sourceTree = "<group>"; };
/* End PBXFileReference section */

/* Begin PBXFrameworksBuildPhase section */
		86E2A9272A94D88F0063DE35 /* Frameworks */ = {
			isa = PBXFrameworksBuildPhase;
			buildActionMask = 2147483647;
			files = (
			);
			runOnlyForDeploymentPostprocessing = 0;
		};
		86FE4FA62A89864B00578F96 /* Frameworks */ = {
			isa = PBXFrameworksBuildPhase;
			buildActionMask = 2147483647;
			files = (
				1E2C8D886C684D150C63F24C /* Pods_shubh_lp_objC_2.framework in Frameworks */,
			);
			runOnlyForDeploymentPostprocessing = 0;
		};
		86FE4FC12A89864C00578F96 /* Frameworks */ = {
			isa = PBXFrameworksBuildPhase;
			buildActionMask = 2147483647;
			files = (
				E5CBF5056766342A557E4B96 /* Pods_shubh_lp_objC_2Tests.framework in Frameworks */,
			);
			runOnlyForDeploymentPostprocessing = 0;
		};
		86FE4FCB2A89864C00578F96 /* Frameworks */ = {
			isa = PBXFrameworksBuildPhase;
			buildActionMask = 2147483647;
			files = (
				CA570DEC38DD6688DB1622ED /* Pods_shubh_lp_objC_2_shubh_lp_objC_2UITests.framework in Frameworks */,
			);
			runOnlyForDeploymentPostprocessing = 0;
		};
/* End PBXFrameworksBuildPhase section */

/* Begin PBXGroup section */
		28B41C85FAD233FA8E39DAA2 /* Pods */ = {
			isa = PBXGroup;
			children = (
				4D48436F4430830C8AC93C7F /* Pods-shubh_lp_objC_2.debug.xcconfig */,
				FB96C1AF6A02F98BB67A5454 /* Pods-shubh_lp_objC_2.release.xcconfig */,
				4B5A9781415EDD48BEDD9A08 /* Pods-shubh_lp_objC_2-shubh_lp_objC_2UITests.debug.xcconfig */,
				1AC8815FA47F5D7E59D2707A /* Pods-shubh_lp_objC_2-shubh_lp_objC_2UITests.release.xcconfig */,
				AEBD5DEECD95BFF90A4C1A81 /* Pods-shubh_lp_objC_2Tests.debug.xcconfig */,
				8A88C00903548E67A2A6CC06 /* Pods-shubh_lp_objC_2Tests.release.xcconfig */,
			);
			path = Pods;
			sourceTree = "<group>";
		};
		86E2A92B2A94D88F0063DE35 /* LP_NSE */ = {
			isa = PBXGroup;
			children = (
				86E2A92C2A94D88F0063DE35 /* NotificationService.h */,
				86E2A92D2A94D88F0063DE35 /* NotificationService.m */,
				86E2A92F2A94D88F0063DE35 /* Info.plist */,
			);
			path = LP_NSE;
			sourceTree = "<group>";
		};
		86FE4FA02A89864B00578F96 = {
			isa = PBXGroup;
			children = (
				86FE4FAB2A89864B00578F96 /* shubh_lp_objC_2 */,
				86FE4FC72A89864C00578F96 /* shubh_lp_objC_2Tests */,
				86FE4FD12A89864C00578F96 /* shubh_lp_objC_2UITests */,
				86E2A92B2A94D88F0063DE35 /* LP_NSE */,
				86FE4FAA2A89864B00578F96 /* Products */,
				28B41C85FAD233FA8E39DAA2 /* Pods */,
				E1F322FA1CF9D6C945324F8C /* Frameworks */,
			);
			sourceTree = "<group>";
		};
		86FE4FAA2A89864B00578F96 /* Products */ = {
			isa = PBXGroup;
			children = (
				86FE4FA92A89864B00578F96 /* shubh_lp_objC_2.app */,
				86FE4FC42A89864C00578F96 /* shubh_lp_objC_2Tests.xctest */,
				86FE4FCE2A89864C00578F96 /* shubh_lp_objC_2UITests.xctest */,
				86E2A92A2A94D88F0063DE35 /* LP_NSE.appex */,
			);
			name = Products;
			sourceTree = "<group>";
		};
		86FE4FAB2A89864B00578F96 /* shubh_lp_objC_2 */ = {
			isa = PBXGroup;
			children = (
				86FE4FAC2A89864B00578F96 /* AppDelegate.h */,
				86FE4FAD2A89864B00578F96 /* AppDelegate.m */,
				86FE4FAF2A89864B00578F96 /* SceneDelegate.h */,
				86FE4FB02A89864B00578F96 /* SceneDelegate.m */,
				86FE4FB22A89864B00578F96 /* ViewController.h */,
				86FE4FB32A89864B00578F96 /* ViewController.m */,
				86FE4FB52A89864B00578F96 /* Main.storyboard */,
				86FE4FB82A89864C00578F96 /* Assets.xcassets */,
				86FE4FBA2A89864C00578F96 /* LaunchScreen.storyboard */,
				86FE4FBD2A89864C00578F96 /* Info.plist */,
				86FE4FBE2A89864C00578F96 /* main.m */,
			);
			path = shubh_lp_objC_2;
			sourceTree = "<group>";
		};
		86FE4FC72A89864C00578F96 /* shubh_lp_objC_2Tests */ = {
			isa = PBXGroup;
			children = (
				86FE4FC82A89864C00578F96 /* shubh_lp_objC_2Tests.m */,
			);
			path = shubh_lp_objC_2Tests;
			sourceTree = "<group>";
		};
		86FE4FD12A89864C00578F96 /* shubh_lp_objC_2UITests */ = {
			isa = PBXGroup;
			children = (
				86FE4FD22A89864C00578F96 /* shubh_lp_objC_2UITests.m */,
				86FE4FD42A89864C00578F96 /* shubh_lp_objC_2UITestsLaunchTests.m */,
			);
			path = shubh_lp_objC_2UITests;
			sourceTree = "<group>";
		};
		E1F322FA1CF9D6C945324F8C /* Frameworks */ = {
			isa = PBXGroup;
			children = (
				D4482B6E698B299F75BC07CD /* Pods_shubh_lp_objC_2.framework */,
				F6BF25D76B40AC65E9E3C74F /* Pods_shubh_lp_objC_2_shubh_lp_objC_2UITests.framework */,
				2B1AE0A11BA06664E72045CD /* Pods_shubh_lp_objC_2Tests.framework */,
			);
			name = Frameworks;
			sourceTree = "<group>";
		};
/* End PBXGroup section */

/* Begin PBXNativeTarget section */
		86E2A9292A94D88F0063DE35 /* LP_NSE */ = {
			isa = PBXNativeTarget;
			buildConfigurationList = 86E2A9332A94D88F0063DE35 /* Build configuration list for PBXNativeTarget "LP_NSE" */;
			buildPhases = (
				86E2A9262A94D88F0063DE35 /* Sources */,
				86E2A9272A94D88F0063DE35 /* Frameworks */,
				86E2A9282A94D88F0063DE35 /* Resources */,
			);
			buildRules = (
			);
			dependencies = (
			);
			name = LP_NSE;
			productName = LP_NSE;
			productReference = 86E2A92A2A94D88F0063DE35 /* LP_NSE.appex */;
			productType = "com.apple.product-type.app-extension";
		};
		86FE4FA82A89864B00578F96 /* shubh_lp_objC_2 */ = {
			isa = PBXNativeTarget;
			buildConfigurationList = 86FE4FD82A89864C00578F96 /* Build configuration list for PBXNativeTarget "shubh_lp_objC_2" */;
			buildPhases = (
				99E130E2115B5920F2A29E21 /* [CP] Check Pods Manifest.lock */,
				86FE4FA52A89864B00578F96 /* Sources */,
				86FE4FA62A89864B00578F96 /* Frameworks */,
				86FE4FA72A89864B00578F96 /* Resources */,
				B91F8C251675C4F28A2E7BCA /* [CP] Embed Pods Frameworks */,
				86E2A9362A94D88F0063DE35 /* Embed Foundation Extensions */,
			);
			buildRules = (
			);
			dependencies = (
				86E2A9312A94D88F0063DE35 /* PBXTargetDependency */,
			);
			name = shubh_lp_objC_2;
			productName = shubh_lp_objC_2;
			productReference = 86FE4FA92A89864B00578F96 /* shubh_lp_objC_2.app */;
			productType = "com.apple.product-type.application";
		};
		86FE4FC32A89864C00578F96 /* shubh_lp_objC_2Tests */ = {
			isa = PBXNativeTarget;
			buildConfigurationList = 86FE4FDB2A89864C00578F96 /* Build configuration list for PBXNativeTarget "shubh_lp_objC_2Tests" */;
			buildPhases = (
				11A13DFAA84C6F16190EF599 /* [CP] Check Pods Manifest.lock */,
				86FE4FC02A89864C00578F96 /* Sources */,
				86FE4FC12A89864C00578F96 /* Frameworks */,
				86FE4FC22A89864C00578F96 /* Resources */,
			);
			buildRules = (
			);
			dependencies = (
				86FE4FC62A89864C00578F96 /* PBXTargetDependency */,
			);
			name = shubh_lp_objC_2Tests;
			productName = shubh_lp_objC_2Tests;
			productReference = 86FE4FC42A89864C00578F96 /* shubh_lp_objC_2Tests.xctest */;
			productType = "com.apple.product-type.bundle.unit-test";
		};
		86FE4FCD2A89864C00578F96 /* shubh_lp_objC_2UITests */ = {
			isa = PBXNativeTarget;
			buildConfigurationList = 86FE4FDE2A89864C00578F96 /* Build configuration list for PBXNativeTarget "shubh_lp_objC_2UITests" */;
			buildPhases = (
				7DFFCDFFA9ABC365B422B50E /* [CP] Check Pods Manifest.lock */,
				86FE4FCA2A89864C00578F96 /* Sources */,
				86FE4FCB2A89864C00578F96 /* Frameworks */,
				86FE4FCC2A89864C00578F96 /* Resources */,
				7FCACC82E9137E05D26FE6A8 /* [CP] Embed Pods Frameworks */,
			);
			buildRules = (
			);
			dependencies = (
				86FE4FD02A89864C00578F96 /* PBXTargetDependency */,
			);
			name = shubh_lp_objC_2UITests;
			productName = shubh_lp_objC_2UITests;
			productReference = 86FE4FCE2A89864C00578F96 /* shubh_lp_objC_2UITests.xctest */;
			productType = "com.apple.product-type.bundle.ui-testing";
		};
/* End PBXNativeTarget section */

/* Begin PBXProject section */
		86FE4FA12A89864B00578F96 /* Project object */ = {
			isa = PBXProject;
			attributes = {
				BuildIndependentTargetsInParallel = 1;
				LastUpgradeCheck = 1430;
				TargetAttributes = {
					86E2A9292A94D88F0063DE35 = {
						CreatedOnToolsVersion = 14.3.1;
					};
					86FE4FA82A89864B00578F96 = {
						CreatedOnToolsVersion = 14.3.1;
					};
					86FE4FC32A89864C00578F96 = {
						CreatedOnToolsVersion = 14.3.1;
						TestTargetID = 86FE4FA82A89864B00578F96;
					};
					86FE4FCD2A89864C00578F96 = {
						CreatedOnToolsVersion = 14.3.1;
						TestTargetID = 86FE4FA82A89864B00578F96;
					};
				};
			};
			buildConfigurationList = 86FE4FA42A89864B00578F96 /* Build configuration list for PBXProject "shubh_lp_objC_2" */;
			compatibilityVersion = "Xcode 14.0";
			developmentRegion = en;
			hasScannedForEncodings = 0;
			knownRegions = (
				en,
				Base,
			);
			mainGroup = 86FE4FA02A89864B00578F96;
			productRefGroup = 86FE4FAA2A89864B00578F96 /* Products */;
			projectDirPath = "";
			projectRoot = "";
			targets = (
				86FE4FA82A89864B00578F96 /* shubh_lp_objC_2 */,
				86FE4FC32A89864C00578F96 /* shubh_lp_objC_2Tests */,
				86FE4FCD2A89864C00578F96 /* shubh_lp_objC_2UITests */,
				86E2A9292A94D88F0063DE35 /* LP_NSE */,
			);
		};
/* End PBXProject section */

/* Begin PBXResourcesBuildPhase section */
		86E2A9282A94D88F0063DE35 /* Resources */ = {
			isa = PBXResourcesBuildPhase;
			buildActionMask = 2147483647;
			files = (
			);
			runOnlyForDeploymentPostprocessing = 0;
		};
		86FE4FA72A89864B00578F96 /* Resources */ = {
			isa = PBXResourcesBuildPhase;
			buildActionMask = 2147483647;
			files = (
				86FE4FBC2A89864C00578F96 /* LaunchScreen.storyboard in Resources */,
				86FE4FB92A89864C00578F96 /* Assets.xcassets in Resources */,
				86FE4FB72A89864B00578F96 /* Main.storyboard in Resources */,
			);
			runOnlyForDeploymentPostprocessing = 0;
		};
		86FE4FC22A89864C00578F96 /* Resources */ = {
			isa = PBXResourcesBuildPhase;
			buildActionMask = 2147483647;
			files = (
			);
			runOnlyForDeploymentPostprocessing = 0;
		};
		86FE4FCC2A89864C00578F96 /* Resources */ = {
			isa = PBXResourcesBuildPhase;
			buildActionMask = 2147483647;
			files = (
			);
			runOnlyForDeploymentPostprocessing = 0;
		};
/* End PBXResourcesBuildPhase section */

/* Begin PBXShellScriptBuildPhase section */
		11A13DFAA84C6F16190EF599 /* [CP] Check Pods Manifest.lock */ = {
			isa = PBXShellScriptBuildPhase;
			buildActionMask = 2147483647;
			files = (
			);
			inputFileListPaths = (
			);
			inputPaths = (
				"${PODS_PODFILE_DIR_PATH}/Podfile.lock",
				"${PODS_ROOT}/Manifest.lock",
			);
			name = "[CP] Check Pods Manifest.lock";
			outputFileListPaths = (
			);
			outputPaths = (
				"$(DERIVED_FILE_DIR)/Pods-shubh_lp_objC_2Tests-checkManifestLockResult.txt",
			);
			runOnlyForDeploymentPostprocessing = 0;
			shellPath = /bin/sh;
			shellScript = "diff \"${PODS_PODFILE_DIR_PATH}/Podfile.lock\" \"${PODS_ROOT}/Manifest.lock\" > /dev/null\nif [ $? != 0 ] ; then\n    # print error to STDERR\n    echo \"error: The sandbox is not in sync with the Podfile.lock. Run 'pod install' or update your CocoaPods installation.\" >&2\n    exit 1\nfi\n# This output is used by Xcode 'outputs' to avoid re-running this script phase.\necho \"SUCCESS\" > \"${SCRIPT_OUTPUT_FILE_0}\"\n";
			showEnvVarsInLog = 0;
		};
		7DFFCDFFA9ABC365B422B50E /* [CP] Check Pods Manifest.lock */ = {
			isa = PBXShellScriptBuildPhase;
			buildActionMask = 2147483647;
			files = (
			);
			inputFileListPaths = (
			);
			inputPaths = (
				"${PODS_PODFILE_DIR_PATH}/Podfile.lock",
				"${PODS_ROOT}/Manifest.lock",
			);
			name = "[CP] Check Pods Manifest.lock";
			outputFileListPaths = (
			);
			outputPaths = (
				"$(DERIVED_FILE_DIR)/Pods-shubh_lp_objC_2-shubh_lp_objC_2UITests-checkManifestLockResult.txt",
			);
			runOnlyForDeploymentPostprocessing = 0;
			shellPath = /bin/sh;
			shellScript = "diff \"${PODS_PODFILE_DIR_PATH}/Podfile.lock\" \"${PODS_ROOT}/Manifest.lock\" > /dev/null\nif [ $? != 0 ] ; then\n    # print error to STDERR\n    echo \"error: The sandbox is not in sync with the Podfile.lock. Run 'pod install' or update your CocoaPods installation.\" >&2\n    exit 1\nfi\n# This output is used by Xcode 'outputs' to avoid re-running this script phase.\necho \"SUCCESS\" > \"${SCRIPT_OUTPUT_FILE_0}\"\n";
			showEnvVarsInLog = 0;
		};
		7FCACC82E9137E05D26FE6A8 /* [CP] Embed Pods Frameworks */ = {
			isa = PBXShellScriptBuildPhase;
			buildActionMask = 2147483647;
			files = (
			);
			inputFileListPaths = (
				"${PODS_ROOT}/Target Support Files/Pods-shubh_lp_objC_2-shubh_lp_objC_2UITests/Pods-shubh_lp_objC_2-shubh_lp_objC_2UITests-frameworks-${CONFIGURATION}-input-files.xcfilelist",
			);
			name = "[CP] Embed Pods Frameworks";
			outputFileListPaths = (
				"${PODS_ROOT}/Target Support Files/Pods-shubh_lp_objC_2-shubh_lp_objC_2UITests/Pods-shubh_lp_objC_2-shubh_lp_objC_2UITests-frameworks-${CONFIGURATION}-output-files.xcfilelist",
			);
			runOnlyForDeploymentPostprocessing = 0;
			shellPath = /bin/sh;
			shellScript = "\"${PODS_ROOT}/Target Support Files/Pods-shubh_lp_objC_2-shubh_lp_objC_2UITests/Pods-shubh_lp_objC_2-shubh_lp_objC_2UITests-frameworks.sh\"\n";
			showEnvVarsInLog = 0;
		};
		99E130E2115B5920F2A29E21 /* [CP] Check Pods Manifest.lock */ = {
			isa = PBXShellScriptBuildPhase;
			buildActionMask = 2147483647;
			files = (
			);
			inputFileListPaths = (
			);
			inputPaths = (
				"${PODS_PODFILE_DIR_PATH}/Podfile.lock",
				"${PODS_ROOT}/Manifest.lock",
			);
			name = "[CP] Check Pods Manifest.lock";
			outputFileListPaths = (
			);
			outputPaths = (
				"$(DERIVED_FILE_DIR)/Pods-shubh_lp_objC_2-checkManifestLockResult.txt",
			);
			runOnlyForDeploymentPostprocessing = 0;
			shellPath = /bin/sh;
			shellScript = "diff \"${PODS_PODFILE_DIR_PATH}/Podfile.lock\" \"${PODS_ROOT}/Manifest.lock\" > /dev/null\nif [ $? != 0 ] ; then\n    # print error to STDERR\n    echo \"error: The sandbox is not in sync with the Podfile.lock. Run 'pod install' or update your CocoaPods installation.\" >&2\n    exit 1\nfi\n# This output is used by Xcode 'outputs' to avoid re-running this script phase.\necho \"SUCCESS\" > \"${SCRIPT_OUTPUT_FILE_0}\"\n";
			showEnvVarsInLog = 0;
		};
		B91F8C251675C4F28A2E7BCA /* [CP] Embed Pods Frameworks */ = {
			isa = PBXShellScriptBuildPhase;
			buildActionMask = 2147483647;
			files = (
			);
			inputFileListPaths = (
				"${PODS_ROOT}/Target Support Files/Pods-shubh_lp_objC_2/Pods-shubh_lp_objC_2-frameworks-${CONFIGURATION}-input-files.xcfilelist",
			);
			name = "[CP] Embed Pods Frameworks";
			outputFileListPaths = (
				"${PODS_ROOT}/Target Support Files/Pods-shubh_lp_objC_2/Pods-shubh_lp_objC_2-frameworks-${CONFIGURATION}-output-files.xcfilelist",
			);
			runOnlyForDeploymentPostprocessing = 0;
			shellPath = /bin/sh;
			shellScript = "\"${PODS_ROOT}/Target Support Files/Pods-shubh_lp_objC_2/Pods-shubh_lp_objC_2-frameworks.sh\"\n";
			showEnvVarsInLog = 0;
		};
/* End PBXShellScriptBuildPhase section */

/* Begin PBXSourcesBuildPhase section */
		86E2A9262A94D88F0063DE35 /* Sources */ = {
			isa = PBXSourcesBuildPhase;
			buildActionMask = 2147483647;
			files = (
				86E2A92E2A94D88F0063DE35 /* NotificationService.m in Sources */,
			);
			runOnlyForDeploymentPostprocessing = 0;
		};
		86FE4FA52A89864B00578F96 /* Sources */ = {
			isa = PBXSourcesBuildPhase;
			buildActionMask = 2147483647;
			files = (
				86FE4FB42A89864B00578F96 /* ViewController.m in Sources */,
				86FE4FAE2A89864B00578F96 /* AppDelegate.m in Sources */,
				86FE4FBF2A89864C00578F96 /* main.m in Sources */,
				86FE4FB12A89864B00578F96 /* SceneDelegate.m in Sources */,
			);
			runOnlyForDeploymentPostprocessing = 0;
		};
		86FE4FC02A89864C00578F96 /* Sources */ = {
			isa = PBXSourcesBuildPhase;
			buildActionMask = 2147483647;
			files = (
				86FE4FC92A89864C00578F96 /* shubh_lp_objC_2Tests.m in Sources */,
			);
			runOnlyForDeploymentPostprocessing = 0;
		};
		86FE4FCA2A89864C00578F96 /* Sources */ = {
			isa = PBXSourcesBuildPhase;
			buildActionMask = 2147483647;
			files = (
				86FE4FD52A89864C00578F96 /* shubh_lp_objC_2UITestsLaunchTests.m in Sources */,
				86FE4FD32A89864C00578F96 /* shubh_lp_objC_2UITests.m in Sources */,
			);
			runOnlyForDeploymentPostprocessing = 0;
		};
/* End PBXSourcesBuildPhase section */

/* Begin PBXTargetDependency section */
		86E2A9312A94D88F0063DE35 /* PBXTargetDependency */ = {
			isa = PBXTargetDependency;
			target = 86E2A9292A94D88F0063DE35 /* LP_NSE */;
			targetProxy = 86E2A9302A94D88F0063DE35 /* PBXContainerItemProxy */;
		};
		86FE4FC62A89864C00578F96 /* PBXTargetDependency */ = {
			isa = PBXTargetDependency;
			target = 86FE4FA82A89864B00578F96 /* shubh_lp_objC_2 */;
			targetProxy = 86FE4FC52A89864C00578F96 /* PBXContainerItemProxy */;
		};
		86FE4FD02A89864C00578F96 /* PBXTargetDependency */ = {
			isa = PBXTargetDependency;
			target = 86FE4FA82A89864B00578F96 /* shubh_lp_objC_2 */;
			targetProxy = 86FE4FCF2A89864C00578F96 /* PBXContainerItemProxy */;
		};
/* End PBXTargetDependency section */

/* Begin PBXVariantGroup section */
		86FE4FB52A89864B00578F96 /* Main.storyboard */ = {
			isa = PBXVariantGroup;
			children = (
				86FE4FB62A89864B00578F96 /* Base */,
			);
			name = Main.storyboard;
			sourceTree = "<group>";
		};
		86FE4FBA2A89864C00578F96 /* LaunchScreen.storyboard */ = {
			isa = PBXVariantGroup;
			children = (
				86FE4FBB2A89864C00578F96 /* Base */,
			);
			name = LaunchScreen.storyboard;
			sourceTree = "<group>";
		};
/* End PBXVariantGroup section */

/* Begin XCBuildConfiguration section */
		86E2A9342A94D88F0063DE35 /* Debug */ = {
			isa = XCBuildConfiguration;
			buildSettings = {
				CODE_SIGN_STYLE = Automatic;
				CURRENT_PROJECT_VERSION = 1;
				DEVELOPMENT_TEAM = G9355AB4R7;
				GENERATE_INFOPLIST_FILE = YES;
				INFOPLIST_FILE = LP_NSE/Info.plist;
				INFOPLIST_KEY_CFBundleDisplayName = LP_NSE;
				INFOPLIST_KEY_NSHumanReadableCopyright = "";
				LD_RUNPATH_SEARCH_PATHS = (
					"$(inherited)",
					"@executable_path/Frameworks",
					"@executable_path/../../Frameworks",
				);
				MARKETING_VERSION = 1.0;
				PRODUCT_BUNDLE_IDENTIFIER = com.clevertap.CleverTapIOS;
				PRODUCT_NAME = "$(TARGET_NAME)";
				SKIP_INSTALL = YES;
				SWIFT_EMIT_LOC_STRINGS = YES;
				TARGETED_DEVICE_FAMILY = "1,2";
			};
			name = Debug;
		};
		86E2A9352A94D88F0063DE35 /* Release */ = {
			isa = XCBuildConfiguration;
			buildSettings = {
				CODE_SIGN_STYLE = Automatic;
				CURRENT_PROJECT_VERSION = 1;
				DEVELOPMENT_TEAM = G9355AB4R7;
				GENERATE_INFOPLIST_FILE = YES;
				INFOPLIST_FILE = LP_NSE/Info.plist;
				INFOPLIST_KEY_CFBundleDisplayName = LP_NSE;
				INFOPLIST_KEY_NSHumanReadableCopyright = "";
				LD_RUNPATH_SEARCH_PATHS = (
					"$(inherited)",
					"@executable_path/Frameworks",
					"@executable_path/../../Frameworks",
				);
				MARKETING_VERSION = 1.0;
				PRODUCT_BUNDLE_IDENTIFIER = com.clevertap.CleverTapIOS;
				PRODUCT_NAME = "$(TARGET_NAME)";
				SKIP_INSTALL = YES;
				SWIFT_EMIT_LOC_STRINGS = YES;
				TARGETED_DEVICE_FAMILY = "1,2";
			};
			name = Release;
		};
		86FE4FD62A89864C00578F96 /* Debug */ = {
			isa = XCBuildConfiguration;
			buildSettings = {
				ALWAYS_SEARCH_USER_PATHS = NO;
				CLANG_ANALYZER_NONNULL = YES;
				CLANG_ANALYZER_NUMBER_OBJECT_CONVERSION = YES_AGGRESSIVE;
				CLANG_CXX_LANGUAGE_STANDARD = "gnu++20";
				CLANG_ENABLE_MODULES = YES;
				CLANG_ENABLE_OBJC_ARC = YES;
				CLANG_ENABLE_OBJC_WEAK = YES;
				CLANG_WARN_BLOCK_CAPTURE_AUTORELEASING = YES;
				CLANG_WARN_BOOL_CONVERSION = YES;
				CLANG_WARN_COMMA = YES;
				CLANG_WARN_CONSTANT_CONVERSION = YES;
				CLANG_WARN_DEPRECATED_OBJC_IMPLEMENTATIONS = YES;
				CLANG_WARN_DIRECT_OBJC_ISA_USAGE = YES_ERROR;
				CLANG_WARN_DOCUMENTATION_COMMENTS = YES;
				CLANG_WARN_EMPTY_BODY = YES;
				CLANG_WARN_ENUM_CONVERSION = YES;
				CLANG_WARN_INFINITE_RECURSION = YES;
				CLANG_WARN_INT_CONVERSION = YES;
				CLANG_WARN_NON_LITERAL_NULL_CONVERSION = YES;
				CLANG_WARN_OBJC_IMPLICIT_RETAIN_SELF = YES;
				CLANG_WARN_OBJC_LITERAL_CONVERSION = YES;
				CLANG_WARN_OBJC_ROOT_CLASS = YES_ERROR;
				CLANG_WARN_QUOTED_INCLUDE_IN_FRAMEWORK_HEADER = YES;
				CLANG_WARN_RANGE_LOOP_ANALYSIS = YES;
				CLANG_WARN_STRICT_PROTOTYPES = YES;
				CLANG_WARN_SUSPICIOUS_MOVE = YES;
				CLANG_WARN_UNGUARDED_AVAILABILITY = YES_AGGRESSIVE;
				CLANG_WARN_UNREACHABLE_CODE = YES;
				CLANG_WARN__DUPLICATE_METHOD_MATCH = YES;
				COPY_PHASE_STRIP = NO;
				DEBUG_INFORMATION_FORMAT = dwarf;
				ENABLE_STRICT_OBJC_MSGSEND = YES;
				ENABLE_TESTABILITY = YES;
				GCC_C_LANGUAGE_STANDARD = gnu11;
				GCC_DYNAMIC_NO_PIC = NO;
				GCC_NO_COMMON_BLOCKS = YES;
				GCC_OPTIMIZATION_LEVEL = 0;
				GCC_PREPROCESSOR_DEFINITIONS = (
					"DEBUG=1",
					"$(inherited)",
				);
				GCC_WARN_64_TO_32_BIT_CONVERSION = YES;
				GCC_WARN_ABOUT_RETURN_TYPE = YES_ERROR;
				GCC_WARN_UNDECLARED_SELECTOR = YES;
				GCC_WARN_UNINITIALIZED_AUTOS = YES_AGGRESSIVE;
				GCC_WARN_UNUSED_FUNCTION = YES;
				GCC_WARN_UNUSED_VARIABLE = YES;
				IPHONEOS_DEPLOYMENT_TARGET = 16.4;
				MTL_ENABLE_DEBUG_INFO = INCLUDE_SOURCE;
				MTL_FAST_MATH = YES;
				ONLY_ACTIVE_ARCH = YES;
				SDKROOT = iphoneos;
			};
			name = Debug;
		};
		86FE4FD72A89864C00578F96 /* Release */ = {
			isa = XCBuildConfiguration;
			buildSettings = {
				ALWAYS_SEARCH_USER_PATHS = NO;
				CLANG_ANALYZER_NONNULL = YES;
				CLANG_ANALYZER_NUMBER_OBJECT_CONVERSION = YES_AGGRESSIVE;
				CLANG_CXX_LANGUAGE_STANDARD = "gnu++20";
				CLANG_ENABLE_MODULES = YES;
				CLANG_ENABLE_OBJC_ARC = YES;
				CLANG_ENABLE_OBJC_WEAK = YES;
				CLANG_WARN_BLOCK_CAPTURE_AUTORELEASING = YES;
				CLANG_WARN_BOOL_CONVERSION = YES;
				CLANG_WARN_COMMA = YES;
				CLANG_WARN_CONSTANT_CONVERSION = YES;
				CLANG_WARN_DEPRECATED_OBJC_IMPLEMENTATIONS = YES;
				CLANG_WARN_DIRECT_OBJC_ISA_USAGE = YES_ERROR;
				CLANG_WARN_DOCUMENTATION_COMMENTS = YES;
				CLANG_WARN_EMPTY_BODY = YES;
				CLANG_WARN_ENUM_CONVERSION = YES;
				CLANG_WARN_INFINITE_RECURSION = YES;
				CLANG_WARN_INT_CONVERSION = YES;
				CLANG_WARN_NON_LITERAL_NULL_CONVERSION = YES;
				CLANG_WARN_OBJC_IMPLICIT_RETAIN_SELF = YES;
				CLANG_WARN_OBJC_LITERAL_CONVERSION = YES;
				CLANG_WARN_OBJC_ROOT_CLASS = YES_ERROR;
				CLANG_WARN_QUOTED_INCLUDE_IN_FRAMEWORK_HEADER = YES;
				CLANG_WARN_RANGE_LOOP_ANALYSIS = YES;
				CLANG_WARN_STRICT_PROTOTYPES = YES;
				CLANG_WARN_SUSPICIOUS_MOVE = YES;
				CLANG_WARN_UNGUARDED_AVAILABILITY = YES_AGGRESSIVE;
				CLANG_WARN_UNREACHABLE_CODE = YES;
				CLANG_WARN__DUPLICATE_METHOD_MATCH = YES;
				COPY_PHASE_STRIP = NO;
				DEBUG_INFORMATION_FORMAT = "dwarf-with-dsym";
				ENABLE_NS_ASSERTIONS = NO;
				ENABLE_STRICT_OBJC_MSGSEND = YES;
				GCC_C_LANGUAGE_STANDARD = gnu11;
				GCC_NO_COMMON_BLOCKS = YES;
				GCC_WARN_64_TO_32_BIT_CONVERSION = YES;
				GCC_WARN_ABOUT_RETURN_TYPE = YES_ERROR;
				GCC_WARN_UNDECLARED_SELECTOR = YES;
				GCC_WARN_UNINITIALIZED_AUTOS = YES_AGGRESSIVE;
				GCC_WARN_UNUSED_FUNCTION = YES;
				GCC_WARN_UNUSED_VARIABLE = YES;
				IPHONEOS_DEPLOYMENT_TARGET = 16.4;
				MTL_ENABLE_DEBUG_INFO = NO;
				MTL_FAST_MATH = YES;
				SDKROOT = iphoneos;
				VALIDATE_PRODUCT = YES;
			};
			name = Release;
		};
		86FE4FD92A89864C00578F96 /* Debug */ = {
			isa = XCBuildConfiguration;
			baseConfigurationReference = 4D48436F4430830C8AC93C7F /* Pods-shubh_lp_objC_2.debug.xcconfig */;
			buildSettings = {
				ASSETCATALOG_COMPILER_APPICON_NAME = AppIcon;
				ASSETCATALOG_COMPILER_GLOBAL_ACCENT_COLOR_NAME = AccentColor;
				CODE_SIGN_STYLE = Automatic;
				CURRENT_PROJECT_VERSION = 1;
				DEVELOPMENT_TEAM = G9355AB4R7;
				GENERATE_INFOPLIST_FILE = YES;
				INFOPLIST_FILE = shubh_lp_objC_2/Info.plist;
				INFOPLIST_KEY_UIApplicationSupportsIndirectInputEvents = YES;
				INFOPLIST_KEY_UILaunchStoryboardName = LaunchScreen;
				INFOPLIST_KEY_UIMainStoryboardFile = Main;
				INFOPLIST_KEY_UISupportedInterfaceOrientations_iPad = "UIInterfaceOrientationPortrait UIInterfaceOrientationPortraitUpsideDown UIInterfaceOrientationLandscapeLeft UIInterfaceOrientationLandscapeRight";
				INFOPLIST_KEY_UISupportedInterfaceOrientations_iPhone = "UIInterfaceOrientationPortrait UIInterfaceOrientationLandscapeLeft UIInterfaceOrientationLandscapeRight";
				LD_RUNPATH_SEARCH_PATHS = (
					"$(inherited)",
					"@executable_path/Frameworks",
				);
				MARKETING_VERSION = 1.0;
				PRODUCT_BUNDLE_IDENTIFIER = com.clevertap.CleverTapIOS;
				PRODUCT_NAME = "$(TARGET_NAME)";
				SWIFT_EMIT_LOC_STRINGS = YES;
				TARGETED_DEVICE_FAMILY = "1,2";
			};
			name = Debug;
		};
		86FE4FDA2A89864C00578F96 /* Release */ = {
			isa = XCBuildConfiguration;
			baseConfigurationReference = FB96C1AF6A02F98BB67A5454 /* Pods-shubh_lp_objC_2.release.xcconfig */;
			buildSettings = {
				ASSETCATALOG_COMPILER_APPICON_NAME = AppIcon;
				ASSETCATALOG_COMPILER_GLOBAL_ACCENT_COLOR_NAME = AccentColor;
				CODE_SIGN_STYLE = Automatic;
				CURRENT_PROJECT_VERSION = 1;
				DEVELOPMENT_TEAM = G9355AB4R7;
				GENERATE_INFOPLIST_FILE = YES;
				INFOPLIST_FILE = shubh_lp_objC_2/Info.plist;
				INFOPLIST_KEY_UIApplicationSupportsIndirectInputEvents = YES;
				INFOPLIST_KEY_UILaunchStoryboardName = LaunchScreen;
				INFOPLIST_KEY_UIMainStoryboardFile = Main;
				INFOPLIST_KEY_UISupportedInterfaceOrientations_iPad = "UIInterfaceOrientationPortrait UIInterfaceOrientationPortraitUpsideDown UIInterfaceOrientationLandscapeLeft UIInterfaceOrientationLandscapeRight";
				INFOPLIST_KEY_UISupportedInterfaceOrientations_iPhone = "UIInterfaceOrientationPortrait UIInterfaceOrientationLandscapeLeft UIInterfaceOrientationLandscapeRight";
				LD_RUNPATH_SEARCH_PATHS = (
					"$(inherited)",
					"@executable_path/Frameworks",
				);
				MARKETING_VERSION = 1.0;
				PRODUCT_BUNDLE_IDENTIFIER = com.clevertap.CleverTapIOS;
				PRODUCT_NAME = "$(TARGET_NAME)";
				SWIFT_EMIT_LOC_STRINGS = YES;
				TARGETED_DEVICE_FAMILY = "1,2";
			};
			name = Release;
		};
		86FE4FDC2A89864C00578F96 /* Debug */ = {
			isa = XCBuildConfiguration;
			baseConfigurationReference = AEBD5DEECD95BFF90A4C1A81 /* Pods-shubh_lp_objC_2Tests.debug.xcconfig */;
			buildSettings = {
				BUNDLE_LOADER = "$(TEST_HOST)";
				CODE_SIGN_STYLE = Automatic;
				CURRENT_PROJECT_VERSION = 1;
				GENERATE_INFOPLIST_FILE = YES;
				IPHONEOS_DEPLOYMENT_TARGET = 16.4;
				MARKETING_VERSION = 1.0;
				PRODUCT_BUNDLE_IDENTIFIER = "test-shu.shubh-lp-objC-2Tests";
				PRODUCT_NAME = "$(TARGET_NAME)";
				SWIFT_EMIT_LOC_STRINGS = NO;
				TARGETED_DEVICE_FAMILY = "1,2";
				TEST_HOST = "$(BUILT_PRODUCTS_DIR)/shubh_lp_objC_2.app/$(BUNDLE_EXECUTABLE_FOLDER_PATH)/shubh_lp_objC_2";
			};
			name = Debug;
		};
		86FE4FDD2A89864C00578F96 /* Release */ = {
			isa = XCBuildConfiguration;
			baseConfigurationReference = 8A88C00903548E67A2A6CC06 /* Pods-shubh_lp_objC_2Tests.release.xcconfig */;
			buildSettings = {
				BUNDLE_LOADER = "$(TEST_HOST)";
				CODE_SIGN_STYLE = Automatic;
				CURRENT_PROJECT_VERSION = 1;
				GENERATE_INFOPLIST_FILE = YES;
				IPHONEOS_DEPLOYMENT_TARGET = 16.4;
				MARKETING_VERSION = 1.0;
				PRODUCT_BUNDLE_IDENTIFIER = "test-shu.shubh-lp-objC-2Tests";
				PRODUCT_NAME = "$(TARGET_NAME)";
				SWIFT_EMIT_LOC_STRINGS = NO;
				TARGETED_DEVICE_FAMILY = "1,2";
				TEST_HOST = "$(BUILT_PRODUCTS_DIR)/shubh_lp_objC_2.app/$(BUNDLE_EXECUTABLE_FOLDER_PATH)/shubh_lp_objC_2";
			};
			name = Release;
		};
		86FE4FDF2A89864C00578F96 /* Debug */ = {
			isa = XCBuildConfiguration;
			baseConfigurationReference = 4B5A9781415EDD48BEDD9A08 /* Pods-shubh_lp_objC_2-shubh_lp_objC_2UITests.debug.xcconfig */;
			buildSettings = {
				CODE_SIGN_STYLE = Automatic;
				CURRENT_PROJECT_VERSION = 1;
				GENERATE_INFOPLIST_FILE = YES;
				MARKETING_VERSION = 1.0;
				PRODUCT_BUNDLE_IDENTIFIER = "test-shu.shubh-lp-objC-2UITests";
				PRODUCT_NAME = "$(TARGET_NAME)";
				SWIFT_EMIT_LOC_STRINGS = NO;
				TARGETED_DEVICE_FAMILY = "1,2";
				TEST_TARGET_NAME = shubh_lp_objC_2;
			};
			name = Debug;
		};
		86FE4FE02A89864C00578F96 /* Release */ = {
			isa = XCBuildConfiguration;
			baseConfigurationReference = 1AC8815FA47F5D7E59D2707A /* Pods-shubh_lp_objC_2-shubh_lp_objC_2UITests.release.xcconfig */;
			buildSettings = {
				CODE_SIGN_STYLE = Automatic;
				CURRENT_PROJECT_VERSION = 1;
				GENERATE_INFOPLIST_FILE = YES;
				MARKETING_VERSION = 1.0;
				PRODUCT_BUNDLE_IDENTIFIER = "test-shu.shubh-lp-objC-2UITests";
				PRODUCT_NAME = "$(TARGET_NAME)";
				SWIFT_EMIT_LOC_STRINGS = NO;
				TARGETED_DEVICE_FAMILY = "1,2";
				TEST_TARGET_NAME = shubh_lp_objC_2;
			};
			name = Release;
		};
/* End XCBuildConfiguration section */

/* Begin XCConfigurationList section */
		86E2A9332A94D88F0063DE35 /* Build configuration list for PBXNativeTarget "LP_NSE" */ = {
			isa = XCConfigurationList;
			buildConfigurations = (
				86E2A9342A94D88F0063DE35 /* Debug */,
				86E2A9352A94D88F0063DE35 /* Release */,
			);
			defaultConfigurationIsVisible = 0;
			defaultConfigurationName = Release;
		};
		86FE4FA42A89864B00578F96 /* Build configuration list for PBXProject "shubh_lp_objC_2" */ = {
			isa = XCConfigurationList;
			buildConfigurations = (
				86FE4FD62A89864C00578F96 /* Debug */,
				86FE4FD72A89864C00578F96 /* Release */,
			);
			defaultConfigurationIsVisible = 0;
			defaultConfigurationName = Release;
		};
		86FE4FD82A89864C00578F96 /* Build configuration list for PBXNativeTarget "shubh_lp_objC_2" */ = {
			isa = XCConfigurationList;
			buildConfigurations = (
				86FE4FD92A89864C00578F96 /* Debug */,
				86FE4FDA2A89864C00578F96 /* Release */,
			);
			defaultConfigurationIsVisible = 0;
			defaultConfigurationName = Release;
		};
		86FE4FDB2A89864C00578F96 /* Build configuration list for PBXNativeTarget "shubh_lp_objC_2Tests" */ = {
			isa = XCConfigurationList;
			buildConfigurations = (
				86FE4FDC2A89864C00578F96 /* Debug */,
				86FE4FDD2A89864C00578F96 /* Release */,
			);
			defaultConfigurationIsVisible = 0;
			defaultConfigurationName = Release;
		};
		86FE4FDE2A89864C00578F96 /* Build configuration list for PBXNativeTarget "shubh_lp_objC_2UITests" */ = {
			isa = XCConfigurationList;
			buildConfigurations = (
				86FE4FDF2A89864C00578F96 /* Debug */,
				86FE4FE02A89864C00578F96 /* Release */,
			);
			defaultConfigurationIsVisible = 0;
			defaultConfigurationName = Release;
		};
/* End XCConfigurationList section */
	};
	rootObject = 86FE4FA12A89864B00578F96 /* Project object */;
}
